
Microsoft Visual Studio Solution File, Format Version 12.00
# Visual Studio Version 17
VisualStudioVersion = 17.13.35828.75 d17.13
MinimumVisualStudioVersion = 10.0.40219.1
Project("{FAE04EC0-301F-11D3-BF4B-00C04F79EFBC}") = "POEPART1", "POEPART1.csproj", "{4C77F3BB-573C-4D0D-A5EE-EB406A5A54A8}"
EndProject
Global
	GlobalSection(SolutionConfigurationPlatforms) = preSolution
		Debug|Any CPU = Debug|Any CPU
		Release|Any CPU = Release|Any CPU
	EndGlobalSection
	GlobalSection(ProjectConfigurationPlatforms) = postSolution
		{4C77F3BB-573C-4D0D-A5EE-EB406A5A54A8}.Debug|Any CPU.ActiveCfg = Debug|Any CPU
		{4C77F3BB-573C-4D0D-A5EE-EB406A5A54A8}.Debug|Any CPU.Build.0 = Debug|Any CPU
		{4C77F3BB-573C-4D0D-A5EE-EB406A5A54A8}.Release|Any CPU.ActiveCfg = Release|Any CPU
		{4C77F3BB-573C-4D0D-A5EE-EB406A5A54A8}.Release|Any CPU.Build.0 = Release|Any CPU
	EndGlobalSection
	GlobalSection(SolutionProperties) = preSolution
		HideSolutionNode = FALSE
	EndGlobalSection
	GlobalSection(ExtensibilityGlobals) = postSolution
		SolutionGuid = {48E001B4-2856-4A44-A577-57BF669CA5E1}
	EndGlobalSection
EndGlobal
